
Microsoft Visual Studio Solution File, Format Version 12.00
# Visual Studio 15
VisualStudioVersion = 15.0.28307.705
MinimumVisualStudioVersion = 10.0.40219.1
Project("{FAE04EC0-301F-11D3-BF4B-00C04F79EFBC}") = "FileConnect", "FileConnect.csproj", "{70D8A076-3818-4BBB-9BF9-D65717F7EBD0}"
EndProject
Global
	GlobalSection(SolutionConfigurationPlatforms) = preSolution
		Debug|Any CPU = Debug|Any CPU
		Release|Any CPU = Release|Any CPU
	EndGlobalSection
	GlobalSection(ProjectConfigurationPlatforms) = postSolution
		{70D8A076-3818-4BBB-9BF9-D65717F7EBD0}.Debug|Any CPU.ActiveCfg = Debug|Any CPU
		{70D8A076-3818-4BBB-9BF9-D65717F7EBD0}.Debug|Any CPU.Build.0 = Debug|Any CPU
		{70D8A076-3818-4BBB-9BF9-D65717F7EBD0}.Release|Any CPU.ActiveCfg = Release|Any CPU
		{70D8A076-3818-4BBB-9BF9-D65717F7EBD0}.Release|Any CPU.Build.0 = Release|Any CPU
	EndGlobalSection
	GlobalSection(SolutionProperties) = preSolution
		HideSolutionNode = FALSE
	EndGlobalSection
	GlobalSection(ExtensibilityGlobals) = postSolution
		SolutionGuid = {17B98E97-C020-465B-8172-AF39247BF346}
	EndGlobalSection
EndGlobal
